
Microsoft Visual Studio Solution File, Format Version 12.00
# Visual Studio 15
VisualStudioVersion = 15.0.26730.12
MinimumVisualStudioVersion = 10.0.40219.1
Project("{FAE04EC0-301F-11D3-BF4B-00C04F79EFBC}") = "1.10", "1.10\1.10.csproj", "{D22BFD9C-D2AF-4986-9D55-CE686483DE65}"
EndProject
Global
	GlobalSection(SolutionConfigurationPlatforms) = preSolution
		Debug|Any CPU = Debug|Any CPU
		Release|Any CPU = Release|Any CPU
	EndGlobalSection
	GlobalSection(ProjectConfigurationPlatforms) = postSolution
		{D22BFD9C-D2AF-4986-9D55-CE686483DE65}.Debug|Any CPU.ActiveCfg = Debug|Any CPU
		{D22BFD9C-D2AF-4986-9D55-CE686483DE65}.Debug|Any CPU.Build.0 = Debug|Any CPU
		{D22BFD9C-D2AF-4986-9D55-CE686483DE65}.Release|Any CPU.ActiveCfg = Release|Any CPU
		{D22BFD9C-D2AF-4986-9D55-CE686483DE65}.Release|Any CPU.Build.0 = Release|Any CPU
	EndGlobalSection
	GlobalSection(SolutionProperties) = preSolution
		HideSolutionNode = FALSE
	EndGlobalSection
	GlobalSection(ExtensibilityGlobals) = postSolution
		SolutionGuid = {F5D42D93-D77A-42B3-8AFB-5FCB4F45CF73}
	EndGlobalSection
EndGlobal
